
Microsoft Visual Studio Solution File, Format Version 12.00
# Visual Studio Version 16
VisualStudioVersion = 16.0.31613.86
MinimumVisualStudioVersion = 10.0.40219.1
Project("{FAE04EC0-301F-11D3-BF4B-00C04F79EFBC}") = "bcrypt-ss", "bcrypt-ss\bcrypt-ss.csproj", "{304AA310-5AF3-47E3-87DD-A4E34DB6C871}"
EndProject
Project("{FAE04EC0-301F-11D3-BF4B-00C04F79EFBC}") = "bcrypt-ssTests", "bcrypt-ssTests\bcrypt-ssTests.csproj", "{EF334962-C76C-4728-B826-571873320E9F}"
EndProject
Global
	GlobalSection(SolutionConfigurationPlatforms) = preSolution
		Debug|Any CPU = Debug|Any CPU
		Release|Any CPU = Release|Any CPU
	EndGlobalSection
	GlobalSection(ProjectConfigurationPlatforms) = postSolution
		{304AA310-5AF3-47E3-87DD-A4E34DB6C871}.Debug|Any CPU.ActiveCfg = Debug|Any CPU
		{304AA310-5AF3-47E3-87DD-A4E34DB6C871}.Debug|Any CPU.Build.0 = Debug|Any CPU
		{304AA310-5AF3-47E3-87DD-A4E34DB6C871}.Release|Any CPU.ActiveCfg = Release|Any CPU
		{304AA310-5AF3-47E3-87DD-A4E34DB6C871}.Release|Any CPU.Build.0 = Release|Any CPU
		{EF334962-C76C-4728-B826-571873320E9F}.Debug|Any CPU.ActiveCfg = Debug|Any CPU
		{EF334962-C76C-4728-B826-571873320E9F}.Debug|Any CPU.Build.0 = Debug|Any CPU
		{EF334962-C76C-4728-B826-571873320E9F}.Release|Any CPU.ActiveCfg = Release|Any CPU
		{EF334962-C76C-4728-B826-571873320E9F}.Release|Any CPU.Build.0 = Release|Any CPU
	EndGlobalSection
	GlobalSection(SolutionProperties) = preSolution
		HideSolutionNode = FALSE
	EndGlobalSection
	GlobalSection(ExtensibilityGlobals) = postSolution
		SolutionGuid = {AD637435-6B47-408E-8220-F6CFD6449C1E}
	EndGlobalSection
	GlobalSection(TestCaseManagementSettings) = postSolution
		CategoryFile = BCrypt.Net.vsmdi
	EndGlobalSection
EndGlobal
